// !$*UTF8*$!
{
	archiveVersion = 1;
	classes = {
	};
	objectVersion = 50;
	objects = {

/* Begin PBXBuildFile section */
		AA126600219C65FB001A4B13 /* PopoverViewController.swift in Sources */ = {isa = PBXBuildFile; fileRef = AA1265FF219C65FB001A4B13 /* PopoverViewController.swift */; };
		AA126602219C725A001A4B13 /* ShowablePopoverViewController.swift in Sources */ = {isa = PBXBuildFile; fileRef = AA126601219C725A001A4B13 /* ShowablePopoverViewController.swift */; };
		AA2F68BD219A9DA70096093E /* PresentedViewController.swift in Sources */ = {isa = PBXBuildFile; fileRef = AA2F68BC219A9DA70096093E /* PresentedViewController.swift */; };
		AA3DD33721A575320067841E /* ViewController.swift in Sources */ = {isa = PBXBuildFile; fileRef = AA3DD33621A575310067841E /* ViewController.swift */; };
		AAB40F5B21A83FE200AE8CE0 /* TheTableViewController.swift in Sources */ = {isa = PBXBuildFile; fileRef = AAB40F5A21A83FE200AE8CE0 /* TheTableViewController.swift */; };
		AAB40F5D21A84A4C00AE8CE0 /* Workout.swift in Sources */ = {isa = PBXBuildFile; fileRef = AAB40F5C21A84A4C00AE8CE0 /* Workout.swift */; };
		AAB40F5F21A84A7B00AE8CE0 /* WorkoutDataSource.swift in Sources */ = {isa = PBXBuildFile; fileRef = AAB40F5E21A84A7B00AE8CE0 /* WorkoutDataSource.swift */; };
		FA3584C221986DE200890635 /* Assets.xcassets in Resources */ = {isa = PBXBuildFile; fileRef = FA3584C121986DE200890635 /* Assets.xcassets */; };
		FAAD8DB421970BFD00FDBE36 /* AppDelegate.swift in Sources */ = {isa = PBXBuildFile; fileRef = FAAD8DB321970BFD00FDBE36 /* AppDelegate.swift */; };
		FAAD8DB921970BFD00FDBE36 /* Main.storyboard in Resources */ = {isa = PBXBuildFile; fileRef = FAAD8DB721970BFD00FDBE36 /* Main.storyboard */; };
		FAAD8DBE21970BFF00FDBE36 /* LaunchScreen.storyboard in Resources */ = {isa = PBXBuildFile; fileRef = FAAD8DBC21970BFF00FDBE36 /* LaunchScreen.storyboard */; };
		FAAD8DCE2197308200FDBE36 /* FirstViewController.swift in Sources */ = {isa = PBXBuildFile; fileRef = FAAD8DCD2197308200FDBE36 /* FirstViewController.swift */; };
		FAAD8DD02197308900FDBE36 /* SecondViewController.swift in Sources */ = {isa = PBXBuildFile; fileRef = FAAD8DCF2197308900FDBE36 /* SecondViewController.swift */; };
		FAAD8DD22197309100FDBE36 /* ThirdViewController.swift in Sources */ = {isa = PBXBuildFile; fileRef = FAAD8DD12197309100FDBE36 /* ThirdViewController.swift */; };
		FAAD8DD4219730AA00FDBE36 /* TabBarViewController.swift in Sources */ = {isa = PBXBuildFile; fileRef = FAAD8DD3219730AA00FDBE36 /* TabBarViewController.swift */; };
/* End PBXBuildFile section */

/* Begin PBXFileReference section */
		AA1265FF219C65FB001A4B13 /* PopoverViewController.swift */ = {isa = PBXFileReference; lastKnownFileType = sourcecode.swift; path = PopoverViewController.swift; sourceTree = "<group>"; };
		AA126601219C725A001A4B13 /* ShowablePopoverViewController.swift */ = {isa = PBXFileReference; lastKnownFileType = sourcecode.swift; path = ShowablePopoverViewController.swift; sourceTree = "<group>"; };
		AA2F68BC219A9DA70096093E /* PresentedViewController.swift */ = {isa = PBXFileReference; lastKnownFileType = sourcecode.swift; path = PresentedViewController.swift; sourceTree = "<group>"; };
		AA3DD33621A575310067841E /* ViewController.swift */ = {isa = PBXFileReference; lastKnownFileType = sourcecode.swift; path = ViewController.swift; sourceTree = "<group>"; };
		AAB40F5A21A83FE200AE8CE0 /* TheTableViewController.swift */ = {isa = PBXFileReference; lastKnownFileType = sourcecode.swift; path = TheTableViewController.swift; sourceTree = "<group>"; };
		AAB40F5C21A84A4C00AE8CE0 /* Workout.swift */ = {isa = PBXFileReference; lastKnownFileType = sourcecode.swift; path = Workout.swift; sourceTree = "<group>"; };
		AAB40F5E21A84A7B00AE8CE0 /* WorkoutDataSource.swift */ = {isa = PBXFileReference; lastKnownFileType = sourcecode.swift; path = WorkoutDataSource.swift; sourceTree = "<group>"; };
		FA3584C121986DE200890635 /* Assets.xcassets */ = {isa = PBXFileReference; lastKnownFileType = folder.assetcatalog; path = Assets.xcassets; sourceTree = "<group>"; };
		FAAD8DB021970BFD00FDBE36 /* TestingTabBar.app */ = {isa = PBXFileReference; explicitFileType = wrapper.application; includeInIndex = 0; path = TestingTabBar.app; sourceTree = BUILT_PRODUCTS_DIR; };
		FAAD8DB321970BFD00FDBE36 /* AppDelegate.swift */ = {isa = PBXFileReference; lastKnownFileType = sourcecode.swift; path = AppDelegate.swift; sourceTree = "<group>"; };
		FAAD8DB821970BFD00FDBE36 /* Base */ = {isa = PBXFileReference; lastKnownFileType = file.storyboard; name = Base; path = Base.lproj/Main.storyboard; sourceTree = "<group>"; };
		FAAD8DBD21970BFF00FDBE36 /* Base */ = {isa = PBXFileReference; lastKnownFileType = file.storyboard; name = Base; path = Base.lproj/LaunchScreen.storyboard; sourceTree = "<group>"; };
		FAAD8DBF21970BFF00FDBE36 /* Info.plist */ = {isa = PBXFileReference; lastKnownFileType = text.plist.xml; path = Info.plist; sourceTree = "<group>"; };
		FAAD8DCD2197308200FDBE36 /* FirstViewController.swift */ = {isa = PBXFileReference; lastKnownFileType = sourcecode.swift; path = FirstViewController.swift; sourceTree = "<group>"; };
		FAAD8DCF2197308900FDBE36 /* SecondViewController.swift */ = {isa = PBXFileReference; lastKnownFileType = sourcecode.swift; path = SecondViewController.swift; sourceTree = "<group>"; };
		FAAD8DD12197309100FDBE36 /* ThirdViewController.swift */ = {isa = PBXFileReference; lastKnownFileType = sourcecode.swift; path = ThirdViewController.swift; sourceTree = "<group>"; };
		FAAD8DD3219730AA00FDBE36 /* TabBarViewController.swift */ = {isa = PBXFileReference; lastKnownFileType = sourcecode.swift; path = TabBarViewController.swift; sourceTree = "<group>"; };
/* End PBXFileReference section */

/* Begin PBXFrameworksBuildPhase section */
		FAAD8DAD21970BFD00FDBE36 /* Frameworks */ = {
			isa = PBXFrameworksBuildPhase;
			buildActionMask = 2147483647;
			files = (
			);
			runOnlyForDeploymentPostprocessing = 0;
		};
/* End PBXFrameworksBuildPhase section */

/* Begin PBXGroup section */
		FAAD8DA721970BFD00FDBE36 = {
			isa = PBXGroup;
			children = (
				FAAD8DB221970BFD00FDBE36 /* TestingTabBar */,
				FAAD8DB121970BFD00FDBE36 /* Products */,
			);
			sourceTree = "<group>";
		};
		FAAD8DB121970BFD00FDBE36 /* Products */ = {
			isa = PBXGroup;
			children = (
				FAAD8DB021970BFD00FDBE36 /* TestingTabBar.app */,
			);
			name = Products;
			sourceTree = "<group>";
		};
		FAAD8DB221970BFD00FDBE36 /* TestingTabBar */ = {
			isa = PBXGroup;
			children = (
				AAB40F5A21A83FE200AE8CE0 /* TheTableViewController.swift */,
				FAAD8DB321970BFD00FDBE36 /* AppDelegate.swift */,
				FAAD8DB721970BFD00FDBE36 /* Main.storyboard */,
				AA126601219C725A001A4B13 /* ShowablePopoverViewController.swift */,
				AA1265FF219C65FB001A4B13 /* PopoverViewController.swift */,
				AA2F68BC219A9DA70096093E /* PresentedViewController.swift */,
				FAAD8DCD2197308200FDBE36 /* FirstViewController.swift */,
				FAAD8DCF2197308900FDBE36 /* SecondViewController.swift */,
				FAAD8DD12197309100FDBE36 /* ThirdViewController.swift */,
				FAAD8DD3219730AA00FDBE36 /* TabBarViewController.swift */,
				AA3DD33621A575310067841E /* ViewController.swift */,
				AAB40F5C21A84A4C00AE8CE0 /* Workout.swift */,
				AAB40F5E21A84A7B00AE8CE0 /* WorkoutDataSource.swift */,
				FA3584C121986DE200890635 /* Assets.xcassets */,
				FAAD8DBC21970BFF00FDBE36 /* LaunchScreen.storyboard */,
				FAAD8DBF21970BFF00FDBE36 /* Info.plist */,
			);
			path = TestingTabBar;
			sourceTree = "<group>";
		};
/* End PBXGroup section */

/* Begin PBXNativeTarget section */
		FAAD8DAF21970BFD00FDBE36 /* TestingTabBar */ = {
			isa = PBXNativeTarget;
			buildConfigurationList = FAAD8DC221970BFF00FDBE36 /* Build configuration list for PBXNativeTarget "TestingTabBar" */;
			buildPhases = (
				FAAD8DAC21970BFD00FDBE36 /* Sources */,
				FAAD8DAD21970BFD00FDBE36 /* Frameworks */,
				FAAD8DAE21970BFD00FDBE36 /* Resources */,
			);
			buildRules = (
			);
			dependencies = (
			);
			name = TestingTabBar;
			productName = TestingTabBar;
			productReference = FAAD8DB021970BFD00FDBE36 /* TestingTabBar.app */;
			productType = "com.apple.product-type.application";
		};
/* End PBXNativeTarget section */

/* Begin PBXProject section */
		FAAD8DA821970BFD00FDBE36 /* Project object */ = {
			isa = PBXProject;
			attributes = {
				LastSwiftUpdateCheck = 1010;
				LastUpgradeCheck = 1010;
				ORGANIZATIONNAME = "Antonis Vozikis";
				TargetAttributes = {
					FAAD8DAF21970BFD00FDBE36 = {
						CreatedOnToolsVersion = 10.1;
					};
				};
			};
			buildConfigurationList = FAAD8DAB21970BFD00FDBE36 /* Build configuration list for PBXProject "TestingTabBar" */;
			compatibilityVersion = "Xcode 9.3";
			developmentRegion = en;
			hasScannedForEncodings = 0;
			knownRegions = (
				en,
				Base,
			);
			mainGroup = FAAD8DA721970BFD00FDBE36;
			productRefGroup = FAAD8DB121970BFD00FDBE36 /* Products */;
			projectDirPath = "";
			projectRoot = "";
			targets = (
				FAAD8DAF21970BFD00FDBE36 /* TestingTabBar */,
			);
		};
/* End PBXProject section */

/* Begin PBXResourcesBuildPhase section */
		FAAD8DAE21970BFD00FDBE36 /* Resources */ = {
			isa = PBXResourcesBuildPhase;
			buildActionMask = 2147483647;
			files = (
				FAAD8DBE21970BFF00FDBE36 /* LaunchScreen.storyboard in Resources */,
				FA3584C221986DE200890635 /* Assets.xcassets in Resources */,
				FAAD8DB921970BFD00FDBE36 /* Main.storyboard in Resources */,
			);
			runOnlyForDeploymentPostprocessing = 0;
		};
/* End PBXResourcesBuildPhase section */

/* Begin PBXSourcesBuildPhase section */
		FAAD8DAC21970BFD00FDBE36 /* Sources */ = {
			isa = PBXSourcesBuildPhase;
			buildActionMask = 2147483647;
			files = (
				AAB40F5F21A84A7B00AE8CE0 /* WorkoutDataSource.swift in Sources */,
				FAAD8DD02197308900FDBE36 /* SecondViewController.swift in Sources */,
				AAB40F5B21A83FE200AE8CE0 /* TheTableViewController.swift in Sources */,
				FAAD8DB421970BFD00FDBE36 /* AppDelegate.swift in Sources */,
				AA126600219C65FB001A4B13 /* PopoverViewController.swift in Sources */,
				AA3DD33721A575320067841E /* ViewController.swift in Sources */,
				FAAD8DD22197309100FDBE36 /* ThirdViewController.swift in Sources */,
				AAB40F5D21A84A4C00AE8CE0 /* Workout.swift in Sources */,
				FAAD8DD4219730AA00FDBE36 /* TabBarViewController.swift in Sources */,
				AA126602219C725A001A4B13 /* ShowablePopoverViewController.swift in Sources */,
				FAAD8DCE2197308200FDBE36 /* FirstViewController.swift in Sources */,
				AA2F68BD219A9DA70096093E /* PresentedViewController.swift in Sources */,
			);
			runOnlyForDeploymentPostprocessing = 0;
		};
/* End PBXSourcesBuildPhase section */

/* Begin PBXVariantGroup section */
		FAAD8DB721970BFD00FDBE36 /* Main.storyboard */ = {
			isa = PBXVariantGroup;
			children = (
				FAAD8DB821970BFD00FDBE36 /* Base */,
			);
			name = Main.storyboard;
			sourceTree = "<group>";
		};
		FAAD8DBC21970BFF00FDBE36 /* LaunchScreen.storyboard */ = {
			isa = PBXVariantGroup;
			children = (
				FAAD8DBD21970BFF00FDBE36 /* Base */,
			);
			name = LaunchScreen.storyboard;
			sourceTree = "<group>";
		};
/* End PBXVariantGroup section */

/* Begin XCBuildConfiguration section */
		FAAD8DC021970BFF00FDBE36 /* Debug */ = {
			isa = XCBuildConfiguration;
			buildSettings = {
				ALWAYS_SEARCH_USER_PATHS = NO;
				CLANG_ANALYZER_NONNULL = YES;
				CLANG_ANALYZER_NUMBER_OBJECT_CONVERSION = YES_AGGRESSIVE;
				CLANG_CXX_LANGUAGE_STANDARD = "gnu++14";
				CLANG_CXX_LIBRARY = "libc++";
				CLANG_ENABLE_MODULES = YES;
				CLANG_ENABLE_OBJC_ARC = YES;
				CLANG_ENABLE_OBJC_WEAK = YES;
				CLANG_WARN_BLOCK_CAPTURE_AUTORELEASING = YES;
				CLANG_WARN_BOOL_CONVERSION = YES;
				CLANG_WARN_COMMA = YES;
				CLANG_WARN_CONSTANT_CONVERSION = YES;
				CLANG_WARN_DEPRECATED_OBJC_IMPLEMENTATIONS = YES;
				CLANG_WARN_DIRECT_OBJC_ISA_USAGE = YES_ERROR;
				CLANG_WARN_DOCUMENTATION_COMMENTS = YES;
				CLANG_WARN_EMPTY_BODY = YES;
				CLANG_WARN_ENUM_CONVERSION = YES;
				CLANG_WARN_INFINITE_RECURSION = YES;
				CLANG_WARN_INT_CONVERSION = YES;
				CLANG_WARN_NON_LITERAL_NULL_CONVERSION = YES;
				CLANG_WARN_OBJC_IMPLICIT_RETAIN_SELF = YES;
				CLANG_WARN_OBJC_LITERAL_CONVERSION = YES;
				CLANG_WARN_OBJC_ROOT_CLASS = YES_ERROR;
				CLANG_WARN_RANGE_LOOP_ANALYSIS = YES;
				CLANG_WARN_STRICT_PROTOTYPES = YES;
				CLANG_WARN_SUSPICIOUS_MOVE = YES;
				CLANG_WARN_UNGUARDED_AVAILABILITY = YES_AGGRESSIVE;
				CLANG_WARN_UNREACHABLE_CODE = YES;
				CLANG_WARN__DUPLICATE_METHOD_MATCH = YES;
				CODE_SIGN_IDENTITY = "iPhone Developer";
				COPY_PHASE_STRIP = NO;
				DEBUG_INFORMATION_FORMAT = dwarf;
				ENABLE_STRICT_OBJC_MSGSEND = YES;
				ENABLE_TESTABILITY = YES;
				GCC_C_LANGUAGE_STANDARD = gnu11;
				GCC_DYNAMIC_NO_PIC = NO;
				GCC_NO_COMMON_BLOCKS = YES;
				GCC_OPTIMIZATION_LEVEL = 0;
				GCC_PREPROCESSOR_DEFINITIONS = (
					"DEBUG=1",
					"$(inherited)",
				);
				GCC_WARN_64_TO_32_BIT_CONVERSION = YES;
				GCC_WARN_ABOUT_RETURN_TYPE = YES_ERROR;
				GCC_WARN_UNDECLARED_SELECTOR = YES;
				GCC_WARN_UNINITIALIZED_AUTOS = YES_AGGRESSIVE;
				GCC_WARN_UNUSED_FUNCTION = YES;
				GCC_WARN_UNUSED_VARIABLE = YES;
				IPHONEOS_DEPLOYMENT_TARGET = 12.1;
				MTL_ENABLE_DEBUG_INFO = INCLUDE_SOURCE;
				MTL_FAST_MATH = YES;
				ONLY_ACTIVE_ARCH = YES;
				SDKROOT = iphoneos;
				SWIFT_ACTIVE_COMPILATION_CONDITIONS = DEBUG;
				SWIFT_OPTIMIZATION_LEVEL = "-Onone";
			};
			name = Debug;
		};
		FAAD8DC121970BFF00FDBE36 /* Release */ = {
			isa = XCBuildConfiguration;
			buildSettings = {
				ALWAYS_SEARCH_USER_PATHS = NO;
				CLANG_ANALYZER_NONNULL = YES;
				CLANG_ANALYZER_NUMBER_OBJECT_CONVERSION = YES_AGGRESSIVE;
				CLANG_CXX_LANGUAGE_STANDARD = "gnu++14";
				CLANG_CXX_LIBRARY = "libc++";
				CLANG_ENABLE_MODULES = YES;
				CLANG_ENABLE_OBJC_ARC = YES;
				CLANG_ENABLE_OBJC_WEAK = YES;
				CLANG_WARN_BLOCK_CAPTURE_AUTORELEASING = YES;
				CLANG_WARN_BOOL_CONVERSION = YES;
				CLANG_WARN_COMMA = YES;
				CLANG_WARN_CONSTANT_CONVERSION = YES;
				CLANG_WARN_DEPRECATED_OBJC_IMPLEMENTATIONS = YES;
				CLANG_WARN_DIRECT_OBJC_ISA_USAGE = YES_ERROR;
				CLANG_WARN_DOCUMENTATION_COMMENTS = YES;
				CLANG_WARN_EMPTY_BODY = YES;
				CLANG_WARN_ENUM_CONVERSION = YES;
				CLANG_WARN_INFINITE_RECURSION = YES;
				CLANG_WARN_INT_CONVERSION = YES;
				CLANG_WARN_NON_LITERAL_NULL_CONVERSION = YES;
				CLANG_WARN_OBJC_IMPLICIT_RETAIN_SELF = YES;
				CLANG_WARN_OBJC_LITERAL_CONVERSION = YES;
				CLANG_WARN_OBJC_ROOT_CLASS = YES_ERROR;
				CLANG_WARN_RANGE_LOOP_ANALYSIS = YES;
				CLANG_WARN_STRICT_PROTOTYPES = YES;
				CLANG_WARN_SUSPICIOUS_MOVE = YES;
				CLANG_WARN_UNGUARDED_AVAILABILITY = YES_AGGRESSIVE;
				CLANG_WARN_UNREACHABLE_CODE = YES;
				CLANG_WARN__DUPLICATE_METHOD_MATCH = YES;
				CODE_SIGN_IDENTITY = "iPhone Developer";
				COPY_PHASE_STRIP = NO;
				DEBUG_INFORMATION_FORMAT = "dwarf-with-dsym";
				ENABLE_NS_ASSERTIONS = NO;
				ENABLE_STRICT_OBJC_MSGSEND = YES;
				GCC_C_LANGUAGE_STANDARD = gnu11;
				GCC_NO_COMMON_BLOCKS = YES;
				GCC_WARN_64_TO_32_BIT_CONVERSION = YES;
				GCC_WARN_ABOUT_RETURN_TYPE = YES_ERROR;
				GCC_WARN_UNDECLARED_SELECTOR = YES;
				GCC_WARN_UNINITIALIZED_AUTOS = YES_AGGRESSIVE;
				GCC_WARN_UNUSED_FUNCTION = YES;
				GCC_WARN_UNUSED_VARIABLE = YES;
				IPHONEOS_DEPLOYMENT_TARGET = 12.1;
				MTL_ENABLE_DEBUG_INFO = NO;
				MTL_FAST_MATH = YES;
				SDKROOT = iphoneos;
				SWIFT_COMPILATION_MODE = wholemodule;
				SWIFT_OPTIMIZATION_LEVEL = "-O";
				VALIDATE_PRODUCT = YES;
			};
			name = Release;
		};
		FAAD8DC321970BFF00FDBE36 /* Debug */ = {
			isa = XCBuildConfiguration;
			buildSettings = {
				ASSETCATALOG_COMPILER_APPICON_NAME = AppIcon;
				CODE_SIGN_STYLE = Automatic;
				DEVELOPMENT_TEAM = "";
				INFOPLIST_FILE = TestingTabBar/Info.plist;
				LD_RUNPATH_SEARCH_PATHS = (
					"$(inherited)",
					"@executable_path/Frameworks",
				);
				PRODUCT_BUNDLE_IDENTIFIER = VA.TestingTabBar;
				PRODUCT_NAME = "$(TARGET_NAME)";
				SWIFT_VERSION = 4.2;
				TARGETED_DEVICE_FAMILY = "1,2";
			};
			name = Debug;
		};
		FAAD8DC421970BFF00FDBE36 /* Release */ = {
			isa = XCBuildConfiguration;
			buildSettings = {
				ASSETCATALOG_COMPILER_APPICON_NAME = AppIcon;
				CODE_SIGN_STYLE = Automatic;
				DEVELOPMENT_TEAM = "";
				INFOPLIST_FILE = TestingTabBar/Info.plist;
				LD_RUNPATH_SEARCH_PATHS = (
					"$(inherited)",
					"@executable_path/Frameworks",
				);
				PRODUCT_BUNDLE_IDENTIFIER = VA.TestingTabBar;
				PRODUCT_NAME = "$(TARGET_NAME)";
				SWIFT_VERSION = 4.2;
				TARGETED_DEVICE_FAMILY = "1,2";
			};
			name = Release;
		};
/* End XCBuildConfiguration section */

/* Begin XCConfigurationList section */
		FAAD8DAB21970BFD00FDBE36 /* Build configuration list for PBXProject "TestingTabBar" */ = {
			isa = XCConfigurationList;
			buildConfigurations = (
				FAAD8DC021970BFF00FDBE36 /* Debug */,
				FAAD8DC121970BFF00FDBE36 /* Release */,
			);
			defaultConfigurationIsVisible = 0;
			defaultConfigurationName = Release;
		};
		FAAD8DC221970BFF00FDBE36 /* Build configuration list for PBXNativeTarget "TestingTabBar" */ = {
			isa = XCConfigurationList;
			buildConfigurations = (
				FAAD8DC321970BFF00FDBE36 /* Debug */,
				FAAD8DC421970BFF00FDBE36 /* Release */,
			);
			defaultConfigurationIsVisible = 0;
			defaultConfigurationName = Release;
		};
/* End XCConfigurationList section */
	};
	rootObject = FAAD8DA821970BFD00FDBE36 /* Project object */;
}
